
Microsoft Visual Studio Solution File, Format Version 12.00
# Visual Studio 15
Project("{FAE04EC0-301F-11D3-BF4B-00C04F79EFBC}") = "Assembly-CSharp", "Assembly-CSharp.csproj", "{991193C6-C2D9-45B9-B651-76D11C7CA591}"
EndProject
Project("{FAE04EC0-301F-11D3-BF4B-00C04F79EFBC}") = "EM.AutoSave.Editor", "EM.AutoSave.Editor.csproj", "{BA8D323E-3A9F-52B8-F071-2F6835F952A3}"
EndProject
Global
	GlobalSection(SolutionConfigurationPlatforms) = preSolution
		Debug|Any CPU = Debug|Any CPU
		Release|Any CPU = Release|Any CPU
	EndGlobalSection
	GlobalSection(ProjectConfigurationPlatforms) = postSolution
		{991193C6-C2D9-45B9-B651-76D11C7CA591}.Debug|Any CPU.ActiveCfg = Debug|Any CPU
		{991193C6-C2D9-45B9-B651-76D11C7CA591}.Debug|Any CPU.Build.0 = Debug|Any CPU
		{991193C6-C2D9-45B9-B651-76D11C7CA591}.Release|Any CPU.ActiveCfg = Release|Any CPU
		{991193C6-C2D9-45B9-B651-76D11C7CA591}.Release|Any CPU.Build.0 = Release|Any CPU
		{BA8D323E-3A9F-52B8-F071-2F6835F952A3}.Debug|Any CPU.ActiveCfg = Debug|Any CPU
		{BA8D323E-3A9F-52B8-F071-2F6835F952A3}.Debug|Any CPU.Build.0 = Debug|Any CPU
		{BA8D323E-3A9F-52B8-F071-2F6835F952A3}.Release|Any CPU.ActiveCfg = Release|Any CPU
		{BA8D323E-3A9F-52B8-F071-2F6835F952A3}.Release|Any CPU.Build.0 = Release|Any CPU
	EndGlobalSection
	GlobalSection(SolutionProperties) = preSolution
		HideSolutionNode = FALSE
	EndGlobalSection
EndGlobal
